
Microsoft Visual Studio Solution File, Format Version 12.00
# Visual Studio Version 16
VisualStudioVersion = 16.0.31112.23
MinimumVisualStudioVersion = 10.0.40219.1
Project("{8BC9CEB8-8B4A-11D0-8D11-00A0C91BC942}") = "Explosion", "Explosion\Explosion.vcxproj", "{2A805913-DABF-4986-8921-7BF77B0ED000}"
EndProject
Global
	GlobalSection(SolutionConfigurationPlatforms) = preSolution
		Debug|x64 = Debug|x64
		Release|x64 = Release|x64
	EndGlobalSection
	GlobalSection(ProjectConfigurationPlatforms) = postSolution
		{2A805913-DABF-4986-8921-7BF77B0ED000}.Debug|x64.ActiveCfg = Debug|x64
		{2A805913-DABF-4986-8921-7BF77B0ED000}.Debug|x64.Build.0 = Debug|x64
		{2A805913-DABF-4986-8921-7BF77B0ED000}.Release|x64.ActiveCfg = Release|x64
		{2A805913-DABF-4986-8921-7BF77B0ED000}.Release|x64.Build.0 = Release|x64
	EndGlobalSection
	GlobalSection(SolutionProperties) = preSolution
		HideSolutionNode = FALSE
	EndGlobalSection
	GlobalSection(ExtensibilityGlobals) = postSolution
		SolutionGuid = {D9851D90-1F75-4EB3-B8B1-3FB41277B386}
	EndGlobalSection
EndGlobal
